{
  "name": "pebble-ifcalendar-complication",
  "version": "1.0.0",
  "lockfileVersion": 3,
  "requires": true,
  "packages": {
    "": {
      "name": "pebble-ifcalendar-complication",
      "version": "1.0.0",
      "dependencies": {
        "ifcalendar-js": "^1.0.5"
      }
    },
    "node_modules/ifcalendar-js": {
      "version": "1.0.5",
      "resolved": "https://registry.npmjs.org/ifcalendar-js/-/ifcalendar-js-1.0.5.tgz",
      "integrity": "sha512-NbL1TJx6MEqBbjCjIwnnWybsalzGREZXHdo8MPRcvCse1fSclYPX94uhTTd9dprThZ2KVUq0TbZSLNyyksgsZg==",
      "license": "MIT",
      "bin": {
        "ifcalendar": "bin/ifcalendar.js"
      }
    }
  }
}
